{
    "_meta": {
        "hash": {
            "sha256": "e57f60ea9dee91bec27dd5254d365ca11402517cde9e82457f05fdff5301735d"
        },
        "pipfile-spec": 6,
        "requires": {
            "python_version": "3.13"
        },
        "sources": [
            {
                "name": "pypi",
                "url": "https://pypi.org/simple",
                "verify_ssl": true
            }
        ]
    },
    "default": {
        "app": {
            "editable": true,
            "file": "."
        },
        "datetime": {
            "hashes": [
                "sha256:0abf6c51cb4ba7cee775ca46ccc727f3afdde463be28dbbe8803631fefd4a120",
                "sha256:21ec6331f87a7fcb57bd7c59e8a68bfffe6fcbf5acdbbc7b356d6a9a020191d3"
            ],
            "index": "pypi",
            "markers": "python_version >= '3.7'",
            "version": "==5.5"
        },
        "iniconfig": {
            "hashes": [
                "sha256:c76315c77db068650d49c5b56314774a7804df16fee4402c1f19d6d15d8c4730",
                "sha256:f631c04d2c48c52b84d0d0549c99ff3859c98df65b3101406327ecc7d53fbf12"
            ],
            "markers": "python_version >= '3.10'",
            "version": "==2.3.0"
        },
        "packaging": {
            "hashes": [
                "sha256:29572ef2b1f17581046b3a2227d5c611fb25ec70ca1ba8554b24b0e69331a484",
                "sha256:d443872c98d677bf60f6a1f2f8c1cb748e8fe762d2bf9d3148b5599295b0fc4f"
            ],
            "markers": "python_version >= '3.8'",
            "version": "==25.0"
        },
        "pathlib": {
            "hashes": [
                "sha256:306314b3786f4c534d0cf618cb0d3ca8f1f16a69db399d21c0571ce2661e20f6"
            ],
            "index": "pypi",
            "version": "==1.0"
        },
        "pluggy": {
            "hashes": [
                "sha256:7dcc130b76258d33b90f61b658791dede3486c3e6bfb003ee5c9bfb396dd22f3",
                "sha256:e920276dd6813095e9377c0bc5566d94c932c33b27a3e3945d8389c374dd4746"
            ],
            "markers": "python_version >= '3.9'",
            "version": "==1.6.0"
        },
        "pygments": {
            "hashes": [
                "sha256:636cb2477cec7f8952536970bc533bc43743542f70392ae026374600add5b887",
                "sha256:86540386c03d588bb81d44bc3928634ff26449851e99741617ecb9037ee5ec0b"
            ],
            "markers": "python_version >= '3.8'",
            "version": "==2.19.2"
        },
        "pytest": {
            "hashes": [
                "sha256:86c0d0b93306b961d58d62a4db4879f27fe25513d4b969df351abdddb3c30e01",
                "sha256:872f880de3fc3a5bdc88a11b39c9710c3497a547cfa9320bc3c5e62fbf272e79"
            ],
            "index": "pypi",
            "markers": "python_version >= '3.9'",
            "version": "==8.4.2"
        },
        "pytz": {
            "hashes": [
                "sha256:360b9e3dbb49a209c21ad61809c7fb453643e048b38924c765813546746e81c3",
                "sha256:5ddf76296dd8c44c26eb8f4b6f35488f3ccbf6fbbd7adee0b7262d43f0ec2f00"
            ],
            "version": "==2025.2"
        },
        "zope.interface": {
            "hashes": [
                "sha256:029ea1db7e855a475bf88d9910baab4e94d007a054810e9007ac037a91c67c6f",
                "sha256:0beb3e7f7dc153944076fcaf717a935f68d39efa9fce96ec97bafcc0c2ea6cab",
                "sha256:110c73ddf974b369ef3c6e7b0d87d44673cf4914eba3fe8a33bfb21c6c606ad8",
                "sha256:115f27c1cc95ce7a517d960ef381beedb0a7ce9489645e80b9ab3cbf8a78799c",
                "sha256:23f82ef9b2d5370750cc1bf883c3b94c33d098ce08557922a3fbc7ff3b63dfe1",
                "sha256:29be8db8b712d94f1c05e24ea230a879271d787205ba1c9a6100d1d81f06c69a",
                "sha256:35a1565d5244997f2e629c5c68715b3d9d9036e8df23c4068b08d9316dcb2822",
                "sha256:4bd01022d2e1bce4a4a4ed9549edb25393c92e607d7daa6deff843f1f68b479d",
                "sha256:51ae1b856565b30455b7879fdf0a56a88763b401d3f814fa9f9542d7410dbd7e",
                "sha256:64a43f5280aa770cbafd0307cb3d1ff430e2a1001774e8ceb40787abe4bb6658",
                "sha256:64fa7b206dd9669f29d5c1241a768bebe8ab1e8a4b63ee16491f041e058c09d0",
                "sha256:6d965347dd1fb9e9a53aa852d4ded46b41ca670d517fd54e733a6b6a4d0561c2",
                "sha256:758803806b962f32c87b31bb18c298b022965ba34fe532163831cc39118c24ab",
                "sha256:7844765695937d9b0d83211220b72e2cf6ac81a08608ad2b58f2c094af498d83",
                "sha256:7b915cf7e747b5356d741be79a153aa9107e8923bc93bcd65fc873caf0fb5c50",
                "sha256:87e6b089002c43231fb9afec89268391bcc7a3b66e76e269ffde19a8112fb8d5",
                "sha256:9a3b8bb77a4b89427a87d1e9eb969ab05e38e6b4a338a9de10f6df23c33ec3c2",
                "sha256:9e9bdca901c1bcc34e438001718512c65b3b8924aabcd732b6e7a7f0cd715f17",
                "sha256:a0016ca85f93b938824e2f9a43534446e95134a2945b084944786e1ace2020bc",
                "sha256:af655c573b84e3cb6a4f6fd3fbe04e4dc91c63c6b6f99019b3713ef964e589bc",
                "sha256:b2737c11c34fb9128816759864752d007ec4f987b571c934c30723ed881a7a4f",
                "sha256:b84464a9fcf801289fa8b15bfc0829e7855d47fb4a8059555effc6f2d1d9a613",
                "sha256:bbd22d4801ad3e8ec704ba9e3e6a4ac2e875e4d77e363051ccb76153d24c5519",
                "sha256:c7cc027fc5c61c5d69e5080c30b66382f454f43dc379c463a38e78a9c6bab71a",
                "sha256:cf66e4bf731aa7e0ced855bb3670e8cda772f6515a475c6a107bad5cb6604103",
                "sha256:d2e7596149cb1acd1d4d41b9f8fe2ffc0e9e29e2e91d026311814181d0d9efaf",
                "sha256:eba5610d042c3704a48222f7f7c6ab5b243ed26f917e2bc69379456b115e02d1",
                "sha256:f7c4bc4021108847bce763673ce70d0716b08dfc2ba9889e7bad46ac2b3bb924",
                "sha256:f8e88f35f86bbe8243cad4b2972deef0fdfca0a0723455abbebdc83bbab96b69",
                "sha256:fcf9097ff3003b7662299f1c25145e15260ec2a27f9a9e69461a585d79ca8552",
                "sha256:fd7195081b8637eeed8d73e4d183b07199a1dc738fb28b3de6666b1b55662570"
            ],
            "markers": "python_version >= '3.9'",
            "version": "==8.0.1"
        }
    },
    "develop": {}
}
